
Microsoft Visual Studio Solution File, Format Version 12.00
# Visual Studio 15
VisualStudioVersion = 15.0.28010.2036
MinimumVisualStudioVersion = 10.0.40219.1
Project("{FAE04EC0-301F-11D3-BF4B-00C04F79EFBC}") = "KhivaCsharp", "KhivaCsharp\KhivaCsharp.csproj", "{7D2A744A-2406-4E13-AF75-D2CF8DC955C2}"
EndProject
Project("{FAE04EC0-301F-11D3-BF4B-00C04F79EFBC}") = "KhivaCsharpTests", "KhivaCsharpTests\KhivaCsharpTests.csproj", "{217BE3C6-E140-46FC-B093-9D30655B0F20}"
EndProject
Global
	GlobalSection(SolutionConfigurationPlatforms) = preSolution
		Debug|Any CPU = Debug|Any CPU
		Release|Any CPU = Release|Any CPU
	EndGlobalSection
	GlobalSection(ProjectConfigurationPlatforms) = postSolution
		{7D2A744A-2406-4E13-AF75-D2CF8DC955C2}.Debug|Any CPU.ActiveCfg = Debug|Any CPU
		{7D2A744A-2406-4E13-AF75-D2CF8DC955C2}.Debug|Any CPU.Build.0 = Debug|Any CPU
		{7D2A744A-2406-4E13-AF75-D2CF8DC955C2}.Release|Any CPU.ActiveCfg = Release|Any CPU
		{7D2A744A-2406-4E13-AF75-D2CF8DC955C2}.Release|Any CPU.Build.0 = Release|Any CPU
		{217BE3C6-E140-46FC-B093-9D30655B0F20}.Debug|Any CPU.ActiveCfg = Debug|Any CPU
		{217BE3C6-E140-46FC-B093-9D30655B0F20}.Debug|Any CPU.Build.0 = Debug|Any CPU
		{217BE3C6-E140-46FC-B093-9D30655B0F20}.Release|Any CPU.ActiveCfg = Release|Any CPU
		{217BE3C6-E140-46FC-B093-9D30655B0F20}.Release|Any CPU.Build.0 = Release|Any CPU
	EndGlobalSection
	GlobalSection(SolutionProperties) = preSolution
		HideSolutionNode = FALSE
	EndGlobalSection
	GlobalSection(ExtensibilityGlobals) = postSolution
		SolutionGuid = {0692EC02-7651-4F65-A992-6580D546C35F}
	EndGlobalSection
EndGlobal
